
Microsoft Visual Studio Solution File, Format Version 12.00
# Visual Studio Version 16
VisualStudioVersion = 16.0.32510.428
MinimumVisualStudioVersion = 10.0.40219.1
Project("{FAE04EC0-301F-11D3-BF4B-00C04F79EFBC}") = "ConsoleAppEjercicio30", "ConsoleAppEjercicio30\ConsoleAppEjercicio30.csproj", "{C0AE8923-D928-4E3B-AA29-5D4095F63831}"
EndProject
Global
	GlobalSection(SolutionConfigurationPlatforms) = preSolution
		Debug|Any CPU = Debug|Any CPU
		Release|Any CPU = Release|Any CPU
	EndGlobalSection
	GlobalSection(ProjectConfigurationPlatforms) = postSolution
		{C0AE8923-D928-4E3B-AA29-5D4095F63831}.Debug|Any CPU.ActiveCfg = Debug|Any CPU
		{C0AE8923-D928-4E3B-AA29-5D4095F63831}.Debug|Any CPU.Build.0 = Debug|Any CPU
		{C0AE8923-D928-4E3B-AA29-5D4095F63831}.Release|Any CPU.ActiveCfg = Release|Any CPU
		{C0AE8923-D928-4E3B-AA29-5D4095F63831}.Release|Any CPU.Build.0 = Release|Any CPU
	EndGlobalSection
	GlobalSection(SolutionProperties) = preSolution
		HideSolutionNode = FALSE
	EndGlobalSection
	GlobalSection(ExtensibilityGlobals) = postSolution
		SolutionGuid = {C15F845D-001D-41E5-BA74-29293AEFF3C2}
	EndGlobalSection
EndGlobal
